// !$*UTF8*$!
{
	archiveVersion = 1;
	classes = {
	};
	objectVersion = 46;
	objects = {

/* Begin PBXBuildFile section */
		084B062F1F24E2DD00B88ACC /* AppDelegate.swift in Sources */ = {isa = PBXBuildFile; fileRef = 084B062E1F24E2DD00B88ACC /* AppDelegate.swift */; };
		084B06311F24E2DD00B88ACC /* ViewController.swift in Sources */ = {isa = PBXBuildFile; fileRef = 084B06301F24E2DD00B88ACC /* ViewController.swift */; };
		084B06341F24E2DD00B88ACC /* Main.storyboard in Resources */ = {isa = PBXBuildFile; fileRef = 084B06321F24E2DD00B88ACC /* Main.storyboard */; };
		084B06361F24E2DD00B88ACC /* Assets.xcassets in Resources */ = {isa = PBXBuildFile; fileRef = 084B06351F24E2DD00B88ACC /* Assets.xcassets */; };
		084B06391F24E2DD00B88ACC /* LaunchScreen.storyboard in Resources */ = {isa = PBXBuildFile; fileRef = 084B06371F24E2DD00B88ACC /* LaunchScreen.storyboard */; };
		084B06411F24E39C00B88ACC /* aventa.png in Resources */ = {isa = PBXBuildFile; fileRef = 084B06401F24E39C00B88ACC /* aventa.png */; };
		084B06431F24E41400B88ACC /* aventa_c.png in Resources */ = {isa = PBXBuildFile; fileRef = 084B06421F24E41400B88ACC /* aventa_c.png */; };
		084B06451F24E45300B88ACC /* icon_star_orange.png in Resources */ = {isa = PBXBuildFile; fileRef = 084B06441F24E45300B88ACC /* icon_star_orange.png */; };
		084B06471F24E45B00B88ACC /* icon_star_half.png in Resources */ = {isa = PBXBuildFile; fileRef = 084B06461F24E45B00B88ACC /* icon_star_half.png */; };
		084B06491F24E46400B88ACC /* icon_star_outline.png in Resources */ = {isa = PBXBuildFile; fileRef = 084B06481F24E46400B88ACC /* icon_star_outline.png */; };
		5AE8E4581F2B0BE2003EFB3A /* MyTableViewCell.swift in Sources */ = {isa = PBXBuildFile; fileRef = 5AE8E4571F2B0BE2003EFB3A /* MyTableViewCell.swift */; };
/* End PBXBuildFile section */

/* Begin PBXFileReference section */
		084B062B1F24E2DD00B88ACC /* EvaluationList.app */ = {isa = PBXFileReference; explicitFileType = wrapper.application; includeInIndex = 0; path = EvaluationList.app; sourceTree = BUILT_PRODUCTS_DIR; };
		084B062E1F24E2DD00B88ACC /* AppDelegate.swift */ = {isa = PBXFileReference; lastKnownFileType = sourcecode.swift; path = AppDelegate.swift; sourceTree = "<group>"; };
		084B06301F24E2DD00B88ACC /* ViewController.swift */ = {isa = PBXFileReference; lastKnownFileType = sourcecode.swift; path = ViewController.swift; sourceTree = "<group>"; };
		084B06331F24E2DD00B88ACC /* Base */ = {isa = PBXFileReference; lastKnownFileType = file.storyboard; name = Base; path = Base.lproj/Main.storyboard; sourceTree = "<group>"; };
		084B06351F24E2DD00B88ACC /* Assets.xcassets */ = {isa = PBXFileReference; lastKnownFileType = folder.assetcatalog; path = Assets.xcassets; sourceTree = "<group>"; };
		084B06381F24E2DD00B88ACC /* Base */ = {isa = PBXFileReference; lastKnownFileType = file.storyboard; name = Base; path = Base.lproj/LaunchScreen.storyboard; sourceTree = "<group>"; };
		084B063A1F24E2DD00B88ACC /* Info.plist */ = {isa = PBXFileReference; lastKnownFileType = text.plist.xml; path = Info.plist; sourceTree = "<group>"; };
		084B06401F24E39C00B88ACC /* aventa.png */ = {isa = PBXFileReference; lastKnownFileType = image.png; path = aventa.png; sourceTree = "<group>"; };
		084B06421F24E41400B88ACC /* aventa_c.png */ = {isa = PBXFileReference; lastKnownFileType = image.png; path = aventa_c.png; sourceTree = "<group>"; };
		084B06441F24E45300B88ACC /* icon_star_orange.png */ = {isa = PBXFileReference; lastKnownFileType = image.png; path = icon_star_orange.png; sourceTree = "<group>"; };
		084B06461F24E45B00B88ACC /* icon_star_half.png */ = {isa = PBXFileReference; lastKnownFileType = image.png; path = icon_star_half.png; sourceTree = "<group>"; };
		084B06481F24E46400B88ACC /* icon_star_outline.png */ = {isa = PBXFileReference; lastKnownFileType = image.png; path = icon_star_outline.png; sourceTree = "<group>"; };
		5AE8E4571F2B0BE2003EFB3A /* MyTableViewCell.swift */ = {isa = PBXFileReference; fileEncoding = 4; lastKnownFileType = sourcecode.swift; path = MyTableViewCell.swift; sourceTree = "<group>"; };
/* End PBXFileReference section */

/* Begin PBXFrameworksBuildPhase section */
		084B06281F24E2DD00B88ACC /* Frameworks */ = {
			isa = PBXFrameworksBuildPhase;
			buildActionMask = 2147483647;
			files = (
			);
			runOnlyForDeploymentPostprocessing = 0;
		};
/* End PBXFrameworksBuildPhase section */

/* Begin PBXGroup section */
		084B06221F24E2DD00B88ACC = {
			isa = PBXGroup;
			children = (
				084B062D1F24E2DD00B88ACC /* EvaluationList */,
				084B062C1F24E2DD00B88ACC /* Products */,
			);
			sourceTree = "<group>";
		};
		084B062C1F24E2DD00B88ACC /* Products */ = {
			isa = PBXGroup;
			children = (
				084B062B1F24E2DD00B88ACC /* EvaluationList.app */,
			);
			name = Products;
			sourceTree = "<group>";
		};
		084B062D1F24E2DD00B88ACC /* EvaluationList */ = {
			isa = PBXGroup;
			children = (
				084B06481F24E46400B88ACC /* icon_star_outline.png */,
				084B06461F24E45B00B88ACC /* icon_star_half.png */,
				084B06441F24E45300B88ACC /* icon_star_orange.png */,
				084B06421F24E41400B88ACC /* aventa_c.png */,
				084B06401F24E39C00B88ACC /* aventa.png */,
				084B062E1F24E2DD00B88ACC /* AppDelegate.swift */,
				084B06301F24E2DD00B88ACC /* ViewController.swift */,
				5AE8E4571F2B0BE2003EFB3A /* MyTableViewCell.swift */,
				084B06321F24E2DD00B88ACC /* Main.storyboard */,
				084B06351F24E2DD00B88ACC /* Assets.xcassets */,
				084B06371F24E2DD00B88ACC /* LaunchScreen.storyboard */,
				084B063A1F24E2DD00B88ACC /* Info.plist */,
			);
			path = EvaluationList;
			sourceTree = "<group>";
		};
/* End PBXGroup section */

/* Begin PBXNativeTarget section */
		084B062A1F24E2DD00B88ACC /* EvaluationList */ = {
			isa = PBXNativeTarget;
			buildConfigurationList = 084B063D1F24E2DD00B88ACC /* Build configuration list for PBXNativeTarget "EvaluationList" */;
			buildPhases = (
				084B06271F24E2DD00B88ACC /* Sources */,
				084B06281F24E2DD00B88ACC /* Frameworks */,
				084B06291F24E2DD00B88ACC /* Resources */,
			);
			buildRules = (
			);
			dependencies = (
			);
			name = EvaluationList;
			productName = EvaluationList;
			productReference = 084B062B1F24E2DD00B88ACC /* EvaluationList.app */;
			productType = "com.apple.product-type.application";
		};
/* End PBXNativeTarget section */

/* Begin PBXProject section */
		084B06231F24E2DD00B88ACC /* Project object */ = {
			isa = PBXProject;
			attributes = {
				LastSwiftUpdateCheck = 0830;
				LastUpgradeCheck = 0830;
				ORGANIZATIONNAME = unision;
				TargetAttributes = {
					084B062A1F24E2DD00B88ACC = {
						CreatedOnToolsVersion = 8.3.3;
						ProvisioningStyle = Automatic;
					};
				};
			};
			buildConfigurationList = 084B06261F24E2DD00B88ACC /* Build configuration list for PBXProject "EvaluationList" */;
			compatibilityVersion = "Xcode 3.2";
			developmentRegion = English;
			hasScannedForEncodings = 0;
			knownRegions = (
				en,
				Base,
			);
			mainGroup = 084B06221F24E2DD00B88ACC;
			productRefGroup = 084B062C1F24E2DD00B88ACC /* Products */;
			projectDirPath = "";
			projectRoot = "";
			targets = (
				084B062A1F24E2DD00B88ACC /* EvaluationList */,
			);
		};
/* End PBXProject section */

/* Begin PBXResourcesBuildPhase section */
		084B06291F24E2DD00B88ACC /* Resources */ = {
			isa = PBXResourcesBuildPhase;
			buildActionMask = 2147483647;
			files = (
				084B06451F24E45300B88ACC /* icon_star_orange.png in Resources */,
				084B06491F24E46400B88ACC /* icon_star_outline.png in Resources */,
				084B06471F24E45B00B88ACC /* icon_star_half.png in Resources */,
				084B06411F24E39C00B88ACC /* aventa.png in Resources */,
				084B06391F24E2DD00B88ACC /* LaunchScreen.storyboard in Resources */,
				084B06361F24E2DD00B88ACC /* Assets.xcassets in Resources */,
				084B06341F24E2DD00B88ACC /* Main.storyboard in Resources */,
				084B06431F24E41400B88ACC /* aventa_c.png in Resources */,
			);
			runOnlyForDeploymentPostprocessing = 0;
		};
/* End PBXResourcesBuildPhase section */

/* Begin PBXSourcesBuildPhase section */
		084B06271F24E2DD00B88ACC /* Sources */ = {
			isa = PBXSourcesBuildPhase;
			buildActionMask = 2147483647;
			files = (
				084B06311F24E2DD00B88ACC /* ViewController.swift in Sources */,
				084B062F1F24E2DD00B88ACC /* AppDelegate.swift in Sources */,
				5AE8E4581F2B0BE2003EFB3A /* MyTableViewCell.swift in Sources */,
			);
			runOnlyForDeploymentPostprocessing = 0;
		};
/* End PBXSourcesBuildPhase section */

/* Begin PBXVariantGroup section */
		084B06321F24E2DD00B88ACC /* Main.storyboard */ = {
			isa = PBXVariantGroup;
			children = (
				084B06331F24E2DD00B88ACC /* Base */,
			);
			name = Main.storyboard;
			sourceTree = "<group>";
		};
		084B06371F24E2DD00B88ACC /* LaunchScreen.storyboard */ = {
			isa = PBXVariantGroup;
			children = (
				084B06381F24E2DD00B88ACC /* Base */,
			);
			name = LaunchScreen.storyboard;
			sourceTree = "<group>";
		};
/* End PBXVariantGroup section */

/* Begin XCBuildConfiguration section */
		084B063B1F24E2DD00B88ACC /* Debug */ = {
			isa = XCBuildConfiguration;
			buildSettings = {
				ALWAYS_SEARCH_USER_PATHS = NO;
				CLANG_ANALYZER_NONNULL = YES;
				CLANG_ANALYZER_NUMBER_OBJECT_CONVERSION = YES_AGGRESSIVE;
				CLANG_CXX_LANGUAGE_STANDARD = "gnu++0x";
				CLANG_CXX_LIBRARY = "libc++";
				CLANG_ENABLE_MODULES = YES;
				CLANG_ENABLE_OBJC_ARC = YES;
				CLANG_WARN_BOOL_CONVERSION = YES;
				CLANG_WARN_CONSTANT_CONVERSION = YES;
				CLANG_WARN_DIRECT_OBJC_ISA_USAGE = YES_ERROR;
				CLANG_WARN_DOCUMENTATION_COMMENTS = YES;
				CLANG_WARN_EMPTY_BODY = YES;
				CLANG_WARN_ENUM_CONVERSION = YES;
				CLANG_WARN_INFINITE_RECURSION = YES;
				CLANG_WARN_INT_CONVERSION = YES;
				CLANG_WARN_OBJC_ROOT_CLASS = YES_ERROR;
				CLANG_WARN_SUSPICIOUS_MOVE = YES;
				CLANG_WARN_UNREACHABLE_CODE = YES;
				CLANG_WARN__DUPLICATE_METHOD_MATCH = YES;
				"CODE_SIGN_IDENTITY[sdk=iphoneos*]" = "iPhone Developer";
				COPY_PHASE_STRIP = NO;
				DEBUG_INFORMATION_FORMAT = dwarf;
				ENABLE_STRICT_OBJC_MSGSEND = YES;
				ENABLE_TESTABILITY = YES;
				GCC_C_LANGUAGE_STANDARD = gnu99;
				GCC_DYNAMIC_NO_PIC = NO;
				GCC_NO_COMMON_BLOCKS = YES;
				GCC_OPTIMIZATION_LEVEL = 0;
				GCC_PREPROCESSOR_DEFINITIONS = (
					"DEBUG=1",
					"$(inherited)",
				);
				GCC_WARN_64_TO_32_BIT_CONVERSION = YES;
				GCC_WARN_ABOUT_RETURN_TYPE = YES_ERROR;
				GCC_WARN_UNDECLARED_SELECTOR = YES;
				GCC_WARN_UNINITIALIZED_AUTOS = YES_AGGRESSIVE;
				GCC_WARN_UNUSED_FUNCTION = YES;
				GCC_WARN_UNUSED_VARIABLE = YES;
				IPHONEOS_DEPLOYMENT_TARGET = 10.3;
				MTL_ENABLE_DEBUG_INFO = YES;
				ONLY_ACTIVE_ARCH = YES;
				SDKROOT = iphoneos;
				SWIFT_ACTIVE_COMPILATION_CONDITIONS = DEBUG;
				SWIFT_OPTIMIZATION_LEVEL = "-Onone";
			};
			name = Debug;
		};
		084B063C1F24E2DD00B88ACC /* Release */ = {
			isa = XCBuildConfiguration;
			buildSettings = {
				ALWAYS_SEARCH_USER_PATHS = NO;
				CLANG_ANALYZER_NONNULL = YES;
				CLANG_ANALYZER_NUMBER_OBJECT_CONVERSION = YES_AGGRESSIVE;
				CLANG_CXX_LANGUAGE_STANDARD = "gnu++0x";
				CLANG_CXX_LIBRARY = "libc++";
				CLANG_ENABLE_MODULES = YES;
				CLANG_ENABLE_OBJC_ARC = YES;
				CLANG_WARN_BOOL_CONVERSION = YES;
				CLANG_WARN_CONSTANT_CONVERSION = YES;
				CLANG_WARN_DIRECT_OBJC_ISA_USAGE = YES_ERROR;
				CLANG_WARN_DOCUMENTATION_COMMENTS = YES;
				CLANG_WARN_EMPTY_BODY = YES;
				CLANG_WARN_ENUM_CONVERSION = YES;
				CLANG_WARN_INFINITE_RECURSION = YES;
				CLANG_WARN_INT_CONVERSION = YES;
				CLANG_WARN_OBJC_ROOT_CLASS = YES_ERROR;
				CLANG_WARN_SUSPICIOUS_MOVE = YES;
				CLANG_WARN_UNREACHABLE_CODE = YES;
				CLANG_WARN__DUPLICATE_METHOD_MATCH = YES;
				"CODE_SIGN_IDENTITY[sdk=iphoneos*]" = "iPhone Developer";
				COPY_PHASE_STRIP = NO;
				DEBUG_INFORMATION_FORMAT = "dwarf-with-dsym";
				ENABLE_NS_ASSERTIONS = NO;
				ENABLE_STRICT_OBJC_MSGSEND = YES;
				GCC_C_LANGUAGE_STANDARD = gnu99;
				GCC_NO_COMMON_BLOCKS = YES;
				GCC_WARN_64_TO_32_BIT_CONVERSION = YES;
				GCC_WARN_ABOUT_RETURN_TYPE = YES_ERROR;
				GCC_WARN_UNDECLARED_SELECTOR = YES;
				GCC_WARN_UNINITIALIZED_AUTOS = YES_AGGRESSIVE;
				GCC_WARN_UNUSED_FUNCTION = YES;
				GCC_WARN_UNUSED_VARIABLE = YES;
				IPHONEOS_DEPLOYMENT_TARGET = 10.3;
				MTL_ENABLE_DEBUG_INFO = NO;
				SDKROOT = iphoneos;
				SWIFT_OPTIMIZATION_LEVEL = "-Owholemodule";
				VALIDATE_PRODUCT = YES;
			};
			name = Release;
		};
		084B063E1F24E2DD00B88ACC /* Debug */ = {
			isa = XCBuildConfiguration;
			buildSettings = {
				ASSETCATALOG_COMPILER_APPICON_NAME = AppIcon;
				DEVELOPMENT_TEAM = "";
				INFOPLIST_FILE = EvaluationList/Info.plist;
				LD_RUNPATH_SEARCH_PATHS = "$(inherited) @executable_path/Frameworks";
				PRODUCT_BUNDLE_IDENTIFIER = unision;
				PRODUCT_NAME = "$(TARGET_NAME)";
				SWIFT_VERSION = 3.0;
			};
			name = Debug;
		};
		084B063F1F24E2DD00B88ACC /* Release */ = {
			isa = XCBuildConfiguration;
			buildSettings = {
				ASSETCATALOG_COMPILER_APPICON_NAME = AppIcon;
				DEVELOPMENT_TEAM = "";
				INFOPLIST_FILE = EvaluationList/Info.plist;
				LD_RUNPATH_SEARCH_PATHS = "$(inherited) @executable_path/Frameworks";
				PRODUCT_BUNDLE_IDENTIFIER = unision;
				PRODUCT_NAME = "$(TARGET_NAME)";
				SWIFT_VERSION = 3.0;
			};
			name = Release;
		};
/* End XCBuildConfiguration section */

/* Begin XCConfigurationList section */
		084B06261F24E2DD00B88ACC /* Build configuration list for PBXProject "EvaluationList" */ = {
			isa = XCConfigurationList;
			buildConfigurations = (
				084B063B1F24E2DD00B88ACC /* Debug */,
				084B063C1F24E2DD00B88ACC /* Release */,
			);
			defaultConfigurationIsVisible = 0;
			defaultConfigurationName = Release;
		};
		084B063D1F24E2DD00B88ACC /* Build configuration list for PBXNativeTarget "EvaluationList" */ = {
			isa = XCConfigurationList;
			buildConfigurations = (
				084B063E1F24E2DD00B88ACC /* Debug */,
				084B063F1F24E2DD00B88ACC /* Release */,
			);
			defaultConfigurationIsVisible = 0;
			defaultConfigurationName = Release;
		};
/* End XCConfigurationList section */
	};
	rootObject = 084B06231F24E2DD00B88ACC /* Project object */;
}
